
Microsoft Visual Studio Solution File, Format Version 12.00
# Visual Studio Version 16
VisualStudioVersion = 16.0.32802.440
MinimumVisualStudioVersion = 10.0.40219.1
Project("{FAE04EC0-301F-11D3-BF4B-00C04F79EFBC}") = "PosnetServerWinFormsApp", "PosnetServerWinFormsApp.csproj", "{A806DDFF-5181-43AF-ABDD-602DBC588CBF}"
EndProject
Global
	GlobalSection(SolutionConfigurationPlatforms) = preSolution
		Debug|Any CPU = Debug|Any CPU
		Release|Any CPU = Release|Any CPU
	EndGlobalSection
	GlobalSection(ProjectConfigurationPlatforms) = postSolution
		{A806DDFF-5181-43AF-ABDD-602DBC588CBF}.Debug|Any CPU.ActiveCfg = Debug|Any CPU
		{A806DDFF-5181-43AF-ABDD-602DBC588CBF}.Debug|Any CPU.Build.0 = Debug|Any CPU
		{A806DDFF-5181-43AF-ABDD-602DBC588CBF}.Release|Any CPU.ActiveCfg = Release|Any CPU
		{A806DDFF-5181-43AF-ABDD-602DBC588CBF}.Release|Any CPU.Build.0 = Release|Any CPU
	EndGlobalSection
	GlobalSection(SolutionProperties) = preSolution
		HideSolutionNode = FALSE
	EndGlobalSection
	GlobalSection(ExtensibilityGlobals) = postSolution
		SolutionGuid = {C6DC01B6-B760-446E-8CE6-C80BCB0E58ED}
	EndGlobalSection
EndGlobal
